
Microsoft Visual Studio Solution File, Format Version 12.00
# Visual Studio Version 17
VisualStudioVersion = 17.11.35312.102
MinimumVisualStudioVersion = 10.0.40219.1
Project("{FAE04EC0-301F-11D3-BF4B-00C04F79EFBC}") = "Kasir", "Kasir.csproj", "{E13D753C-C742-4A0F-8208-8D6024C4CFE9}"
EndProject
Global
	GlobalSection(SolutionConfigurationPlatforms) = preSolution
		Debug|Any CPU = Debug|Any CPU
		Release|Any CPU = Release|Any CPU
	EndGlobalSection
	GlobalSection(ProjectConfigurationPlatforms) = postSolution
		{E13D753C-C742-4A0F-8208-8D6024C4CFE9}.Debug|Any CPU.ActiveCfg = Debug|Any CPU
		{E13D753C-C742-4A0F-8208-8D6024C4CFE9}.Debug|Any CPU.Build.0 = Debug|Any CPU
		{E13D753C-C742-4A0F-8208-8D6024C4CFE9}.Release|Any CPU.ActiveCfg = Release|Any CPU
		{E13D753C-C742-4A0F-8208-8D6024C4CFE9}.Release|Any CPU.Build.0 = Release|Any CPU
	EndGlobalSection
	GlobalSection(SolutionProperties) = preSolution
		HideSolutionNode = FALSE
	EndGlobalSection
	GlobalSection(ExtensibilityGlobals) = postSolution
		SolutionGuid = {C8D108BA-48D6-4D4E-981A-3E5E72E2B4D3}
	EndGlobalSection
EndGlobal
